
Microsoft Visual Studio Solution File, Format Version 12.00
Project("{2150E333-8FDC-42A3-9474-1A3956D46DE8}") = "Behavioural", "Behavioural", "{F4069AA9-B379-437B-B70F-0B9226F09614}"
EndProject
Project("{FAE04EC0-301F-11D3-BF4B-00C04F79EFBC}") = "Observer", "Observer\Observer.csproj", "{5ECD4F06-FA1F-439E-8EA6-2E6B00377627}"
EndProject
Project("{2150E333-8FDC-42A3-9474-1A3956D46DE8}") = "Observer", "Observer", "{6947F9C1-E458-40AF-B045-A4DAD3911549}"
EndProject
Project("{FAE04EC0-301F-11D3-BF4B-00C04F79EFBC}") = "Observer.Tests", "Observer.Tests\Observer.Tests.csproj", "{2D213F34-69DB-4F7D-96F6-A29135FC2553}"
EndProject
Global
	GlobalSection(SolutionConfigurationPlatforms) = preSolution
		Debug|Any CPU = Debug|Any CPU
		Release|Any CPU = Release|Any CPU
	EndGlobalSection
	GlobalSection(NestedProjects) = preSolution
		{6947F9C1-E458-40AF-B045-A4DAD3911549} = {F4069AA9-B379-437B-B70F-0B9226F09614}
		{5ECD4F06-FA1F-439E-8EA6-2E6B00377627} = {6947F9C1-E458-40AF-B045-A4DAD3911549}
		{2D213F34-69DB-4F7D-96F6-A29135FC2553} = {6947F9C1-E458-40AF-B045-A4DAD3911549}
	EndGlobalSection
	GlobalSection(ProjectConfigurationPlatforms) = postSolution
		{5ECD4F06-FA1F-439E-8EA6-2E6B00377627}.Debug|Any CPU.ActiveCfg = Debug|Any CPU
		{5ECD4F06-FA1F-439E-8EA6-2E6B00377627}.Debug|Any CPU.Build.0 = Debug|Any CPU
		{5ECD4F06-FA1F-439E-8EA6-2E6B00377627}.Release|Any CPU.ActiveCfg = Release|Any CPU
		{5ECD4F06-FA1F-439E-8EA6-2E6B00377627}.Release|Any CPU.Build.0 = Release|Any CPU
		{2D213F34-69DB-4F7D-96F6-A29135FC2553}.Debug|Any CPU.ActiveCfg = Debug|Any CPU
		{2D213F34-69DB-4F7D-96F6-A29135FC2553}.Debug|Any CPU.Build.0 = Debug|Any CPU
		{2D213F34-69DB-4F7D-96F6-A29135FC2553}.Release|Any CPU.ActiveCfg = Release|Any CPU
		{2D213F34-69DB-4F7D-96F6-A29135FC2553}.Release|Any CPU.Build.0 = Release|Any CPU
	EndGlobalSection
EndGlobal
